
Microsoft Visual Studio Solution File, Format Version 12.00
# Visual Studio Version 17
VisualStudioVersion = 17.2.32630.192
MinimumVisualStudioVersion = 10.0.40219.1
Project("{FAE04EC0-301F-11D3-BF4B-00C04F79EFBC}") = "NutriVisionTracker", "NutriVisionTracker\NutriVisionTracker.csproj", "{904CCB35-1FA3-47BD-AD4E-FA0F91124B88}"
EndProject
Global
	GlobalSection(SolutionConfigurationPlatforms) = preSolution
		Debug|Any CPU = Debug|Any CPU
		Release|Any CPU = Release|Any CPU
	EndGlobalSection
	GlobalSection(ProjectConfigurationPlatforms) = postSolution
		{904CCB35-1FA3-47BD-AD4E-FA0F91124B88}.Debug|Any CPU.ActiveCfg = Debug|Any CPU
		{904CCB35-1FA3-47BD-AD4E-FA0F91124B88}.Debug|Any CPU.Build.0 = Debug|Any CPU
		{904CCB35-1FA3-47BD-AD4E-FA0F91124B88}.Release|Any CPU.ActiveCfg = Release|Any CPU
		{904CCB35-1FA3-47BD-AD4E-FA0F91124B88}.Release|Any CPU.Build.0 = Release|Any CPU
	EndGlobalSection
	GlobalSection(SolutionProperties) = preSolution
		HideSolutionNode = FALSE
	EndGlobalSection
	GlobalSection(ExtensibilityGlobals) = postSolution
		SolutionGuid = {3CFF8ED9-9069-4A2F-9D13-C9301A3C3998}
	EndGlobalSection
EndGlobal
